// !$*UTF8*$!
{
	archiveVersion = 1;
	classes = {
	};
	objectVersion = 46;
	objects = {

/* Begin PBXBuildFile section */
		C435B0571EAD1FE300D3674D /* PersonalBeacon.swift in Sources */ = {isa = PBXBuildFile; fileRef = C435B0561EAD1FE300D3674D /* PersonalBeacon.swift */; };
		C43674DC1EDC7726005228DC /* PeerSessionCoordinatorDelegate.swift in Sources */ = {isa = PBXBuildFile; fileRef = C43674DB1EDC7726005228DC /* PeerSessionCoordinatorDelegate.swift */; };
		C44A9C8120B6440D00B17B5E /* corgi.png in Resources */ = {isa = PBXBuildFile; fileRef = C44A9C8020B6440D00B17B5E /* corgi.png */; };
		C44A9C8320B8410900B17B5E /* SnowyTricolorSheltie.JPG in Resources */ = {isa = PBXBuildFile; fileRef = C44A9C8220B8410800B17B5E /* SnowyTricolorSheltie.JPG */; };
		C497FA3F1E9D1B0000E5F0D1 /* AppDelegate.swift in Sources */ = {isa = PBXBuildFile; fileRef = C497FA3E1E9D1B0000E5F0D1 /* AppDelegate.swift */; };
		C497FA411E9D1B0000E5F0D1 /* MainViewController.swift in Sources */ = {isa = PBXBuildFile; fileRef = C497FA401E9D1B0000E5F0D1 /* MainViewController.swift */; };
		C497FA441E9D1B0000E5F0D1 /* Main.storyboard in Resources */ = {isa = PBXBuildFile; fileRef = C497FA421E9D1B0000E5F0D1 /* Main.storyboard */; };
		C497FA461E9D1B0000E5F0D1 /* Assets.xcassets in Resources */ = {isa = PBXBuildFile; fileRef = C497FA451E9D1B0000E5F0D1 /* Assets.xcassets */; };
		C497FA491E9D1B0000E5F0D1 /* LaunchScreen.storyboard in Resources */ = {isa = PBXBuildFile; fileRef = C497FA471E9D1B0000E5F0D1 /* LaunchScreen.storyboard */; };
		C497FA511E9D249F00E5F0D1 /* AnnaAvatar.png in Resources */ = {isa = PBXBuildFile; fileRef = C497FA501E9D249F00E5F0D1 /* AnnaAvatar.png */; };
		C497FA541E9D24CE00E5F0D1 /* Buddy.png in Resources */ = {isa = PBXBuildFile; fileRef = C497FA531E9D24CE00E5F0D1 /* Buddy.png */; };
		C497FA571E9D262C00E5F0D1 /* Boo.png in Resources */ = {isa = PBXBuildFile; fileRef = C497FA551E9D262C00E5F0D1 /* Boo.png */; };
		C497FA581E9D262C00E5F0D1 /* Pontus.png in Resources */ = {isa = PBXBuildFile; fileRef = C497FA561E9D262C00E5F0D1 /* Pontus.png */; };
		C497FA5A1E9D289700E5F0D1 /* blank.png in Resources */ = {isa = PBXBuildFile; fileRef = C497FA591E9D289700E5F0D1 /* blank.png */; };
		C497FA5E1E9E6FF200E5F0D1 /* PeerSessionCoordinator.swift in Sources */ = {isa = PBXBuildFile; fileRef = C497FA5D1E9E6FF200E5F0D1 /* PeerSessionCoordinator.swift */; };
		C49E8E442213713A00BFC9AC /* AmericanEskimo.png in Resources */ = {isa = PBXBuildFile; fileRef = C49E8E432213713A00BFC9AC /* AmericanEskimo.png */; };
		C4F1873F1ECFD1B600987F99 /* ConnectionViewController.swift in Sources */ = {isa = PBXBuildFile; fileRef = C4F1873E1ECFD1B600987F99 /* ConnectionViewController.swift */; };
/* End PBXBuildFile section */

/* Begin PBXFileReference section */
		C435B0561EAD1FE300D3674D /* PersonalBeacon.swift */ = {isa = PBXFileReference; fileEncoding = 4; lastKnownFileType = sourcecode.swift; path = PersonalBeacon.swift; sourceTree = "<group>"; };
		C43674DB1EDC7726005228DC /* PeerSessionCoordinatorDelegate.swift */ = {isa = PBXFileReference; fileEncoding = 4; lastKnownFileType = sourcecode.swift; path = PeerSessionCoordinatorDelegate.swift; sourceTree = "<group>"; };
		C44A9C8020B6440D00B17B5E /* corgi.png */ = {isa = PBXFileReference; lastKnownFileType = image.png; path = corgi.png; sourceTree = "<group>"; };
		C44A9C8220B8410800B17B5E /* SnowyTricolorSheltie.JPG */ = {isa = PBXFileReference; lastKnownFileType = image.jpeg; path = SnowyTricolorSheltie.JPG; sourceTree = "<group>"; };
		C497FA3B1E9D1B0000E5F0D1 /* MultiPeerPuppies.app */ = {isa = PBXFileReference; explicitFileType = wrapper.application; includeInIndex = 0; path = MultiPeerPuppies.app; sourceTree = BUILT_PRODUCTS_DIR; };
		C497FA3E1E9D1B0000E5F0D1 /* AppDelegate.swift */ = {isa = PBXFileReference; lastKnownFileType = sourcecode.swift; path = AppDelegate.swift; sourceTree = "<group>"; };
		C497FA401E9D1B0000E5F0D1 /* MainViewController.swift */ = {isa = PBXFileReference; lastKnownFileType = sourcecode.swift; path = MainViewController.swift; sourceTree = "<group>"; };
		C497FA431E9D1B0000E5F0D1 /* Base */ = {isa = PBXFileReference; lastKnownFileType = file.storyboard; name = Base; path = Base.lproj/Main.storyboard; sourceTree = "<group>"; };
		C497FA451E9D1B0000E5F0D1 /* Assets.xcassets */ = {isa = PBXFileReference; lastKnownFileType = folder.assetcatalog; path = Assets.xcassets; sourceTree = "<group>"; };
		C497FA481E9D1B0000E5F0D1 /* Base */ = {isa = PBXFileReference; lastKnownFileType = file.storyboard; name = Base; path = Base.lproj/LaunchScreen.storyboard; sourceTree = "<group>"; };
		C497FA4A1E9D1B0000E5F0D1 /* Info.plist */ = {isa = PBXFileReference; lastKnownFileType = text.plist.xml; path = Info.plist; sourceTree = "<group>"; };
		C497FA501E9D249F00E5F0D1 /* AnnaAvatar.png */ = {isa = PBXFileReference; lastKnownFileType = image.png; path = AnnaAvatar.png; sourceTree = "<group>"; };
		C497FA531E9D24CE00E5F0D1 /* Buddy.png */ = {isa = PBXFileReference; lastKnownFileType = image.png; path = Buddy.png; sourceTree = "<group>"; };
		C497FA551E9D262C00E5F0D1 /* Boo.png */ = {isa = PBXFileReference; lastKnownFileType = image.png; path = Boo.png; sourceTree = "<group>"; };
		C497FA561E9D262C00E5F0D1 /* Pontus.png */ = {isa = PBXFileReference; lastKnownFileType = image.png; path = Pontus.png; sourceTree = "<group>"; };
		C497FA591E9D289700E5F0D1 /* blank.png */ = {isa = PBXFileReference; lastKnownFileType = image.png; path = blank.png; sourceTree = "<group>"; };
		C497FA5D1E9E6FF200E5F0D1 /* PeerSessionCoordinator.swift */ = {isa = PBXFileReference; fileEncoding = 4; lastKnownFileType = sourcecode.swift; path = PeerSessionCoordinator.swift; sourceTree = "<group>"; };
		C49E8E432213713A00BFC9AC /* AmericanEskimo.png */ = {isa = PBXFileReference; lastKnownFileType = image.png; path = AmericanEskimo.png; sourceTree = "<group>"; };
		C4F1873E1ECFD1B600987F99 /* ConnectionViewController.swift */ = {isa = PBXFileReference; fileEncoding = 4; lastKnownFileType = sourcecode.swift; path = ConnectionViewController.swift; sourceTree = "<group>"; };
/* End PBXFileReference section */

/* Begin PBXFrameworksBuildPhase section */
		C497FA381E9D1B0000E5F0D1 /* Frameworks */ = {
			isa = PBXFrameworksBuildPhase;
			buildActionMask = 2147483647;
			files = (
			);
			runOnlyForDeploymentPostprocessing = 0;
		};
/* End PBXFrameworksBuildPhase section */

/* Begin PBXGroup section */
		C497FA321E9D1B0000E5F0D1 = {
			isa = PBXGroup;
			children = (
				C497FA3D1E9D1B0000E5F0D1 /* MultiPeer */,
				C497FA3C1E9D1B0000E5F0D1 /* Products */,
			);
			sourceTree = "<group>";
		};
		C497FA3C1E9D1B0000E5F0D1 /* Products */ = {
			isa = PBXGroup;
			children = (
				C497FA3B1E9D1B0000E5F0D1 /* MultiPeerPuppies.app */,
			);
			name = Products;
			sourceTree = "<group>";
		};
		C497FA3D1E9D1B0000E5F0D1 /* MultiPeer */ = {
			isa = PBXGroup;
			children = (
				C497FA4A1E9D1B0000E5F0D1 /* Info.plist */,
				C497FA521E9D24A400E5F0D1 /* Images */,
				C497FA3E1E9D1B0000E5F0D1 /* AppDelegate.swift */,
				C4F1873E1ECFD1B600987F99 /* ConnectionViewController.swift */,
				C497FA5D1E9E6FF200E5F0D1 /* PeerSessionCoordinator.swift */,
				C43674DB1EDC7726005228DC /* PeerSessionCoordinatorDelegate.swift */,
				C435B0561EAD1FE300D3674D /* PersonalBeacon.swift */,
				C497FA401E9D1B0000E5F0D1 /* MainViewController.swift */,
				C497FA471E9D1B0000E5F0D1 /* LaunchScreen.storyboard */,
				C497FA421E9D1B0000E5F0D1 /* Main.storyboard */,
				C497FA451E9D1B0000E5F0D1 /* Assets.xcassets */,
			);
			path = MultiPeer;
			sourceTree = "<group>";
		};
		C497FA521E9D24A400E5F0D1 /* Images */ = {
			isa = PBXGroup;
			children = (
				C49E8E432213713A00BFC9AC /* AmericanEskimo.png */,
				C497FA501E9D249F00E5F0D1 /* AnnaAvatar.png */,
				C497FA591E9D289700E5F0D1 /* blank.png */,
				C497FA551E9D262C00E5F0D1 /* Boo.png */,
				C497FA531E9D24CE00E5F0D1 /* Buddy.png */,
				C44A9C8020B6440D00B17B5E /* corgi.png */,
				C497FA561E9D262C00E5F0D1 /* Pontus.png */,
				C44A9C8220B8410800B17B5E /* SnowyTricolorSheltie.JPG */,
			);
			name = Images;
			sourceTree = "<group>";
		};
/* End PBXGroup section */

/* Begin PBXNativeTarget section */
		C497FA3A1E9D1B0000E5F0D1 /* MultiPeerPuppies */ = {
			isa = PBXNativeTarget;
			buildConfigurationList = C497FA4D1E9D1B0000E5F0D1 /* Build configuration list for PBXNativeTarget "MultiPeerPuppies" */;
			buildPhases = (
				C497FA371E9D1B0000E5F0D1 /* Sources */,
				C497FA381E9D1B0000E5F0D1 /* Frameworks */,
				C497FA391E9D1B0000E5F0D1 /* Resources */,
			);
			buildRules = (
			);
			dependencies = (
			);
			name = MultiPeerPuppies;
			productName = MultiPeer;
			productReference = C497FA3B1E9D1B0000E5F0D1 /* MultiPeerPuppies.app */;
			productType = "com.apple.product-type.application";
		};
/* End PBXNativeTarget section */

/* Begin PBXProject section */
		C497FA331E9D1B0000E5F0D1 /* Project object */ = {
			isa = PBXProject;
			attributes = {
				LastSwiftUpdateCheck = 0830;
				LastUpgradeCheck = 1010;
				ORGANIZATIONNAME = "Bob Wakefield";
				TargetAttributes = {
					C497FA3A1E9D1B0000E5F0D1 = {
						CreatedOnToolsVersion = 8.3.1;
						DevelopmentTeam = 8G7W6WCEM9;
						ProvisioningStyle = Automatic;
						SystemCapabilities = {
							com.apple.BackgroundModes = {
								enabled = 1;
							};
						};
					};
				};
			};
			buildConfigurationList = C497FA361E9D1B0000E5F0D1 /* Build configuration list for PBXProject "MultiPeerPuppies" */;
			compatibilityVersion = "Xcode 3.2";
			developmentRegion = English;
			hasScannedForEncodings = 0;
			knownRegions = (
				en,
				Base,
			);
			mainGroup = C497FA321E9D1B0000E5F0D1;
			productRefGroup = C497FA3C1E9D1B0000E5F0D1 /* Products */;
			projectDirPath = "";
			projectRoot = "";
			targets = (
				C497FA3A1E9D1B0000E5F0D1 /* MultiPeerPuppies */,
			);
		};
/* End PBXProject section */

/* Begin PBXResourcesBuildPhase section */
		C497FA391E9D1B0000E5F0D1 /* Resources */ = {
			isa = PBXResourcesBuildPhase;
			buildActionMask = 2147483647;
			files = (
				C44A9C8120B6440D00B17B5E /* corgi.png in Resources */,
				C497FA571E9D262C00E5F0D1 /* Boo.png in Resources */,
				C497FA491E9D1B0000E5F0D1 /* LaunchScreen.storyboard in Resources */,
				C497FA461E9D1B0000E5F0D1 /* Assets.xcassets in Resources */,
				C497FA511E9D249F00E5F0D1 /* AnnaAvatar.png in Resources */,
				C44A9C8320B8410900B17B5E /* SnowyTricolorSheltie.JPG in Resources */,
				C497FA5A1E9D289700E5F0D1 /* blank.png in Resources */,
				C497FA581E9D262C00E5F0D1 /* Pontus.png in Resources */,
				C497FA541E9D24CE00E5F0D1 /* Buddy.png in Resources */,
				C49E8E442213713A00BFC9AC /* AmericanEskimo.png in Resources */,
				C497FA441E9D1B0000E5F0D1 /* Main.storyboard in Resources */,
			);
			runOnlyForDeploymentPostprocessing = 0;
		};
/* End PBXResourcesBuildPhase section */

/* Begin PBXSourcesBuildPhase section */
		C497FA371E9D1B0000E5F0D1 /* Sources */ = {
			isa = PBXSourcesBuildPhase;
			buildActionMask = 2147483647;
			files = (
				C497FA411E9D1B0000E5F0D1 /* MainViewController.swift in Sources */,
				C497FA3F1E9D1B0000E5F0D1 /* AppDelegate.swift in Sources */,
				C497FA5E1E9E6FF200E5F0D1 /* PeerSessionCoordinator.swift in Sources */,
				C4F1873F1ECFD1B600987F99 /* ConnectionViewController.swift in Sources */,
				C43674DC1EDC7726005228DC /* PeerSessionCoordinatorDelegate.swift in Sources */,
				C435B0571EAD1FE300D3674D /* PersonalBeacon.swift in Sources */,
			);
			runOnlyForDeploymentPostprocessing = 0;
		};
/* End PBXSourcesBuildPhase section */

/* Begin PBXVariantGroup section */
		C497FA421E9D1B0000E5F0D1 /* Main.storyboard */ = {
			isa = PBXVariantGroup;
			children = (
				C497FA431E9D1B0000E5F0D1 /* Base */,
			);
			name = Main.storyboard;
			sourceTree = "<group>";
		};
		C497FA471E9D1B0000E5F0D1 /* LaunchScreen.storyboard */ = {
			isa = PBXVariantGroup;
			children = (
				C497FA481E9D1B0000E5F0D1 /* Base */,
			);
			name = LaunchScreen.storyboard;
			sourceTree = "<group>";
		};
/* End PBXVariantGroup section */

/* Begin XCBuildConfiguration section */
		C497FA4B1E9D1B0000E5F0D1 /* Debug */ = {
			isa = XCBuildConfiguration;
			buildSettings = {
				ALWAYS_SEARCH_USER_PATHS = NO;
				CLANG_ANALYZER_NONNULL = YES;
				CLANG_ANALYZER_NUMBER_OBJECT_CONVERSION = YES_AGGRESSIVE;
				CLANG_CXX_LANGUAGE_STANDARD = "gnu++0x";
				CLANG_CXX_LIBRARY = "libc++";
				CLANG_ENABLE_MODULES = YES;
				CLANG_ENABLE_OBJC_ARC = YES;
				CLANG_WARN_BLOCK_CAPTURE_AUTORELEASING = YES;
				CLANG_WARN_BOOL_CONVERSION = YES;
				CLANG_WARN_COMMA = YES;
				CLANG_WARN_CONSTANT_CONVERSION = YES;
				CLANG_WARN_DEPRECATED_OBJC_IMPLEMENTATIONS = YES;
				CLANG_WARN_DIRECT_OBJC_ISA_USAGE = YES_ERROR;
				CLANG_WARN_DOCUMENTATION_COMMENTS = YES;
				CLANG_WARN_EMPTY_BODY = YES;
				CLANG_WARN_ENUM_CONVERSION = YES;
				CLANG_WARN_INFINITE_RECURSION = YES;
				CLANG_WARN_INT_CONVERSION = YES;
				CLANG_WARN_NON_LITERAL_NULL_CONVERSION = YES;
				CLANG_WARN_OBJC_IMPLICIT_RETAIN_SELF = YES;
				CLANG_WARN_OBJC_LITERAL_CONVERSION = YES;
				CLANG_WARN_OBJC_ROOT_CLASS = YES_ERROR;
				CLANG_WARN_RANGE_LOOP_ANALYSIS = YES;
				CLANG_WARN_STRICT_PROTOTYPES = YES;
				CLANG_WARN_SUSPICIOUS_MOVE = YES;
				CLANG_WARN_UNREACHABLE_CODE = YES;
				CLANG_WARN__DUPLICATE_METHOD_MATCH = YES;
				"CODE_SIGN_IDENTITY[sdk=iphoneos*]" = "iPhone Developer";
				COPY_PHASE_STRIP = NO;
				DEBUG_INFORMATION_FORMAT = dwarf;
				ENABLE_STRICT_OBJC_MSGSEND = YES;
				ENABLE_TESTABILITY = YES;
				GCC_C_LANGUAGE_STANDARD = gnu99;
				GCC_DYNAMIC_NO_PIC = NO;
				GCC_NO_COMMON_BLOCKS = YES;
				GCC_OPTIMIZATION_LEVEL = 0;
				GCC_PREPROCESSOR_DEFINITIONS = (
					"DEBUG=1",
					"$(inherited)",
				);
				GCC_WARN_64_TO_32_BIT_CONVERSION = YES;
				GCC_WARN_ABOUT_RETURN_TYPE = YES_ERROR;
				GCC_WARN_UNDECLARED_SELECTOR = YES;
				GCC_WARN_UNINITIALIZED_AUTOS = YES_AGGRESSIVE;
				GCC_WARN_UNUSED_FUNCTION = YES;
				GCC_WARN_UNUSED_VARIABLE = YES;
				IPHONEOS_DEPLOYMENT_TARGET = 10.3;
				MTL_ENABLE_DEBUG_INFO = YES;
				ONLY_ACTIVE_ARCH = YES;
				SDKROOT = iphoneos;
				SWIFT_ACTIVE_COMPILATION_CONDITIONS = DEBUG;
				SWIFT_OPTIMIZATION_LEVEL = "-Onone";
				TARGETED_DEVICE_FAMILY = "1,2";
			};
			name = Debug;
		};
		C497FA4C1E9D1B0000E5F0D1 /* Release */ = {
			isa = XCBuildConfiguration;
			buildSettings = {
				ALWAYS_SEARCH_USER_PATHS = NO;
				CLANG_ANALYZER_NONNULL = YES;
				CLANG_ANALYZER_NUMBER_OBJECT_CONVERSION = YES_AGGRESSIVE;
				CLANG_CXX_LANGUAGE_STANDARD = "gnu++0x";
				CLANG_CXX_LIBRARY = "libc++";
				CLANG_ENABLE_MODULES = YES;
				CLANG_ENABLE_OBJC_ARC = YES;
				CLANG_WARN_BLOCK_CAPTURE_AUTORELEASING = YES;
				CLANG_WARN_BOOL_CONVERSION = YES;
				CLANG_WARN_COMMA = YES;
				CLANG_WARN_CONSTANT_CONVERSION = YES;
				CLANG_WARN_DEPRECATED_OBJC_IMPLEMENTATIONS = YES;
				CLANG_WARN_DIRECT_OBJC_ISA_USAGE = YES_ERROR;
				CLANG_WARN_DOCUMENTATION_COMMENTS = YES;
				CLANG_WARN_EMPTY_BODY = YES;
				CLANG_WARN_ENUM_CONVERSION = YES;
				CLANG_WARN_INFINITE_RECURSION = YES;
				CLANG_WARN_INT_CONVERSION = YES;
				CLANG_WARN_NON_LITERAL_NULL_CONVERSION = YES;
				CLANG_WARN_OBJC_IMPLICIT_RETAIN_SELF = YES;
				CLANG_WARN_OBJC_LITERAL_CONVERSION = YES;
				CLANG_WARN_OBJC_ROOT_CLASS = YES_ERROR;
				CLANG_WARN_RANGE_LOOP_ANALYSIS = YES;
				CLANG_WARN_STRICT_PROTOTYPES = YES;
				CLANG_WARN_SUSPICIOUS_MOVE = YES;
				CLANG_WARN_UNREACHABLE_CODE = YES;
				CLANG_WARN__DUPLICATE_METHOD_MATCH = YES;
				"CODE_SIGN_IDENTITY[sdk=iphoneos*]" = "iPhone Developer";
				COPY_PHASE_STRIP = NO;
				DEBUG_INFORMATION_FORMAT = "dwarf-with-dsym";
				ENABLE_NS_ASSERTIONS = NO;
				ENABLE_STRICT_OBJC_MSGSEND = YES;
				GCC_C_LANGUAGE_STANDARD = gnu99;
				GCC_NO_COMMON_BLOCKS = YES;
				GCC_WARN_64_TO_32_BIT_CONVERSION = YES;
				GCC_WARN_ABOUT_RETURN_TYPE = YES_ERROR;
				GCC_WARN_UNDECLARED_SELECTOR = YES;
				GCC_WARN_UNINITIALIZED_AUTOS = YES_AGGRESSIVE;
				GCC_WARN_UNUSED_FUNCTION = YES;
				GCC_WARN_UNUSED_VARIABLE = YES;
				IPHONEOS_DEPLOYMENT_TARGET = 10.3;
				MTL_ENABLE_DEBUG_INFO = NO;
				SDKROOT = iphoneos;
				SWIFT_OPTIMIZATION_LEVEL = "-Owholemodule";
				TARGETED_DEVICE_FAMILY = "1,2";
				VALIDATE_PRODUCT = YES;
			};
			name = Release;
		};
		C497FA4E1E9D1B0000E5F0D1 /* Debug */ = {
			isa = XCBuildConfiguration;
			buildSettings = {
				ASSETCATALOG_COMPILER_APPICON_NAME = AppIcon;
				DEVELOPMENT_TEAM = 8G7W6WCEM9;
				INFOPLIST_FILE = MultiPeer/Info.plist;
				IPHONEOS_DEPLOYMENT_TARGET = 9.0;
				LD_RUNPATH_SEARCH_PATHS = "$(inherited) @executable_path/Frameworks";
				PRODUCT_BUNDLE_IDENTIFIER = net.cockleburr.MultiPeerPuppies;
				PRODUCT_NAME = "$(TARGET_NAME)";
				SWIFT_VERSION = 3.0;
			};
			name = Debug;
		};
		C497FA4F1E9D1B0000E5F0D1 /* Release */ = {
			isa = XCBuildConfiguration;
			buildSettings = {
				ASSETCATALOG_COMPILER_APPICON_NAME = AppIcon;
				DEVELOPMENT_TEAM = 8G7W6WCEM9;
				INFOPLIST_FILE = MultiPeer/Info.plist;
				IPHONEOS_DEPLOYMENT_TARGET = 9.0;
				LD_RUNPATH_SEARCH_PATHS = "$(inherited) @executable_path/Frameworks";
				PRODUCT_BUNDLE_IDENTIFIER = net.cockleburr.MultiPeerPuppies;
				PRODUCT_NAME = "$(TARGET_NAME)";
				SWIFT_VERSION = 3.0;
			};
			name = Release;
		};
/* End XCBuildConfiguration section */

/* Begin XCConfigurationList section */
		C497FA361E9D1B0000E5F0D1 /* Build configuration list for PBXProject "MultiPeerPuppies" */ = {
			isa = XCConfigurationList;
			buildConfigurations = (
				C497FA4B1E9D1B0000E5F0D1 /* Debug */,
				C497FA4C1E9D1B0000E5F0D1 /* Release */,
			);
			defaultConfigurationIsVisible = 0;
			defaultConfigurationName = Release;
		};
		C497FA4D1E9D1B0000E5F0D1 /* Build configuration list for PBXNativeTarget "MultiPeerPuppies" */ = {
			isa = XCConfigurationList;
			buildConfigurations = (
				C497FA4E1E9D1B0000E5F0D1 /* Debug */,
				C497FA4F1E9D1B0000E5F0D1 /* Release */,
			);
			defaultConfigurationIsVisible = 0;
			defaultConfigurationName = Release;
		};
/* End XCConfigurationList section */
	};
	rootObject = C497FA331E9D1B0000E5F0D1 /* Project object */;
}
